
Microsoft Visual Studio Solution File, Format Version 12.00
# Visual Studio Version 17
VisualStudioVersion = 17.4.33205.214
MinimumVisualStudioVersion = 10.0.40219.1
Project("{FAE04EC0-301F-11D3-BF4B-00C04F79EFBC}") = "APIClientes", "APIClientes.csproj", "{AC257F75-85A7-4AA0-B41B-14561954ABE3}"
EndProject
Global
	GlobalSection(SolutionConfigurationPlatforms) = preSolution
		Debug|Any CPU = Debug|Any CPU
		Release|Any CPU = Release|Any CPU
	EndGlobalSection
	GlobalSection(ProjectConfigurationPlatforms) = postSolution
		{AC257F75-85A7-4AA0-B41B-14561954ABE3}.Debug|Any CPU.ActiveCfg = Debug|Any CPU
		{AC257F75-85A7-4AA0-B41B-14561954ABE3}.Debug|Any CPU.Build.0 = Debug|Any CPU
		{AC257F75-85A7-4AA0-B41B-14561954ABE3}.Release|Any CPU.ActiveCfg = Release|Any CPU
		{AC257F75-85A7-4AA0-B41B-14561954ABE3}.Release|Any CPU.Build.0 = Release|Any CPU
	EndGlobalSection
	GlobalSection(SolutionProperties) = preSolution
		HideSolutionNode = FALSE
	EndGlobalSection
	GlobalSection(ExtensibilityGlobals) = postSolution
		SolutionGuid = {ECC6E5FF-0C9A-42F0-BC2C-B53D155ED6A5}
	EndGlobalSection
EndGlobal
